
Microsoft Visual Studio Solution File, Format Version 12.00
# Visual Studio Version 16
VisualStudioVersion = 16.0.29519.87
MinimumVisualStudioVersion = 10.0.40219.1
Project("{FAE04EC0-301F-11D3-BF4B-00C04F79EFBC}") = "Paycompute", "Paycompute\Paycompute.csproj", "{79540AB4-8121-4262-A53C-130578BBCBC5}"
EndProject
Project("{FAE04EC0-301F-11D3-BF4B-00C04F79EFBC}") = "Paycompute.Services", "Paycompute.Services\Paycompute.Services.csproj", "{9D9FBC1E-35F9-422F-9AAA-1857AA5711BA}"
EndProject
Project("{FAE04EC0-301F-11D3-BF4B-00C04F79EFBC}") = "Paycompute.Entity", "Paycompute.Entity\Paycompute.Entity.csproj", "{AA4AE3E9-1BDB-4213-A47B-7FF4BCD7BDD5}"
EndProject
Project("{FAE04EC0-301F-11D3-BF4B-00C04F79EFBC}") = "Paycompute.Persistence", "Paycompute.Persistence\Paycompute.Persistence.csproj", "{83D8651A-1670-47F7-9E67-E4DBCD9F401E}"
EndProject
Global
	GlobalSection(SolutionConfigurationPlatforms) = preSolution
		Debug|Any CPU = Debug|Any CPU
		Release|Any CPU = Release|Any CPU
	EndGlobalSection
	GlobalSection(ProjectConfigurationPlatforms) = postSolution
		{79540AB4-8121-4262-A53C-130578BBCBC5}.Debug|Any CPU.ActiveCfg = Debug|Any CPU
		{79540AB4-8121-4262-A53C-130578BBCBC5}.Debug|Any CPU.Build.0 = Debug|Any CPU
		{79540AB4-8121-4262-A53C-130578BBCBC5}.Release|Any CPU.ActiveCfg = Release|Any CPU
		{79540AB4-8121-4262-A53C-130578BBCBC5}.Release|Any CPU.Build.0 = Release|Any CPU
		{9D9FBC1E-35F9-422F-9AAA-1857AA5711BA}.Debug|Any CPU.ActiveCfg = Debug|Any CPU
		{9D9FBC1E-35F9-422F-9AAA-1857AA5711BA}.Debug|Any CPU.Build.0 = Debug|Any CPU
		{9D9FBC1E-35F9-422F-9AAA-1857AA5711BA}.Release|Any CPU.ActiveCfg = Release|Any CPU
		{9D9FBC1E-35F9-422F-9AAA-1857AA5711BA}.Release|Any CPU.Build.0 = Release|Any CPU
		{AA4AE3E9-1BDB-4213-A47B-7FF4BCD7BDD5}.Debug|Any CPU.ActiveCfg = Debug|Any CPU
		{AA4AE3E9-1BDB-4213-A47B-7FF4BCD7BDD5}.Debug|Any CPU.Build.0 = Debug|Any CPU
		{AA4AE3E9-1BDB-4213-A47B-7FF4BCD7BDD5}.Release|Any CPU.ActiveCfg = Release|Any CPU
		{AA4AE3E9-1BDB-4213-A47B-7FF4BCD7BDD5}.Release|Any CPU.Build.0 = Release|Any CPU
		{83D8651A-1670-47F7-9E67-E4DBCD9F401E}.Debug|Any CPU.ActiveCfg = Debug|Any CPU
		{83D8651A-1670-47F7-9E67-E4DBCD9F401E}.Debug|Any CPU.Build.0 = Debug|Any CPU
		{83D8651A-1670-47F7-9E67-E4DBCD9F401E}.Release|Any CPU.ActiveCfg = Release|Any CPU
		{83D8651A-1670-47F7-9E67-E4DBCD9F401E}.Release|Any CPU.Build.0 = Release|Any CPU
	EndGlobalSection
	GlobalSection(SolutionProperties) = preSolution
		HideSolutionNode = FALSE
	EndGlobalSection
	GlobalSection(ExtensibilityGlobals) = postSolution
		SolutionGuid = {E11DF26E-6F2B-4338-B547-81E2BDDB1928}
	EndGlobalSection
EndGlobal
